schema: '2.0'
stages:
  preprocess:
    cmd: python src/preprocessing.py
    deps:
    - path: data/gold_demand.csv
      hash: md5
      md5: 3f8d34ae7c39b3ca7dc12d9309ca8d7d
      size: 2470
    - path: src/preprocessing.py
      hash: md5
      md5: a2aaebabdb24a3efbac38cf4e770aedc
      size: 2917
    outs:
    - path: data/processed_test_data.csv
      hash: md5
      md5: 0f6ec161f82c98ec9226b88a80a7e83c
      size: 1520
    - path: data/processed_train_data.csv
      hash: md5
      md5: ece79430aa6b46d2a987bb4cb0635508
      size: 3435
    - path: data/test_labels.csv
      hash: md5
      md5: 5afed6b82d9a2cf2d20bf671587d87c9
      size: 70
    - path: data/train_labels.csv
      hash: md5
      md5: cae57b2a6768391f7ba330608a7f9f98
      size: 155
